// !$*UTF8*$!
{
	archiveVersion = 1;
	classes = {
	};
	objectVersion = 46;
	objects = {

/* Begin PBXBuildFile section */
		AFF21D7D1BB12D8B006A190E /* AppDelegate.swift in Sources */ = {isa = PBXBuildFile; fileRef = AFF21D7C1BB12D8B006A190E /* AppDelegate.swift */; };
		AFF21D7F1BB12D8B006A190E /* ViewController.swift in Sources */ = {isa = PBXBuildFile; fileRef = AFF21D7E1BB12D8B006A190E /* ViewController.swift */; };
		AFF21D821BB12D8B006A190E /* Main.storyboard in Resources */ = {isa = PBXBuildFile; fileRef = AFF21D801BB12D8B006A190E /* Main.storyboard */; };
		AFF21D851BB12D8B006A190E /* Telehealth_Doctor.xcdatamodeld in Sources */ = {isa = PBXBuildFile; fileRef = AFF21D831BB12D8B006A190E /* Telehealth_Doctor.xcdatamodeld */; };
		AFF21D871BB12D8B006A190E /* Assets.xcassets in Resources */ = {isa = PBXBuildFile; fileRef = AFF21D861BB12D8B006A190E /* Assets.xcassets */; };
		AFF21D8A1BB12D8B006A190E /* LaunchScreen.storyboard in Resources */ = {isa = PBXBuildFile; fileRef = AFF21D881BB12D8B006A190E /* LaunchScreen.storyboard */; };
		AFF21D951BB12D8B006A190E /* Telehealth_DoctorTests.swift in Sources */ = {isa = PBXBuildFile; fileRef = AFF21D941BB12D8B006A190E /* Telehealth_DoctorTests.swift */; };
		AFF21DA01BB12D8B006A190E /* Telehealth_DoctorUITests.swift in Sources */ = {isa = PBXBuildFile; fileRef = AFF21D9F1BB12D8B006A190E /* Telehealth_DoctorUITests.swift */; };
		AFF21DCC1BB131F7006A190E /* AsyncButton.swift in Sources */ = {isa = PBXBuildFile; fileRef = AFF21DAE1BB131F7006A190E /* AsyncButton.swift */; settings = {ASSET_TAGS = (); }; };
		AFF21DCD1BB131F7006A190E /* AsyncImageView.swift in Sources */ = {isa = PBXBuildFile; fileRef = AFF21DAF1BB131F7006A190E /* AsyncImageView.swift */; settings = {ASSET_TAGS = (); }; };
		AFF21DCE1BB131F7006A190E /* AutoTextView.swift in Sources */ = {isa = PBXBuildFile; fileRef = AFF21DB01BB131F7006A190E /* AutoTextView.swift */; settings = {ASSET_TAGS = (); }; };
		AFF21DCF1BB131F7006A190E /* BlurView.swift in Sources */ = {isa = PBXBuildFile; fileRef = AFF21DB11BB131F7006A190E /* BlurView.swift */; settings = {ASSET_TAGS = (); }; };
		AFF21DD01BB131F7006A190E /* DesignableButton.swift in Sources */ = {isa = PBXBuildFile; fileRef = AFF21DB21BB131F7006A190E /* DesignableButton.swift */; settings = {ASSET_TAGS = (); }; };
		AFF21DD11BB131F7006A190E /* DesignableImageView.swift in Sources */ = {isa = PBXBuildFile; fileRef = AFF21DB31BB131F7006A190E /* DesignableImageView.swift */; settings = {ASSET_TAGS = (); }; };
		AFF21DD21BB131F7006A190E /* DesignableLabel.swift in Sources */ = {isa = PBXBuildFile; fileRef = AFF21DB41BB131F7006A190E /* DesignableLabel.swift */; settings = {ASSET_TAGS = (); }; };
		AFF21DD31BB131F7006A190E /* DesignableTabBarController.swift in Sources */ = {isa = PBXBuildFile; fileRef = AFF21DB51BB131F7006A190E /* DesignableTabBarController.swift */; settings = {ASSET_TAGS = (); }; };
		AFF21DD41BB131F7006A190E /* DesignableTextField.swift in Sources */ = {isa = PBXBuildFile; fileRef = AFF21DB61BB131F7006A190E /* DesignableTextField.swift */; settings = {ASSET_TAGS = (); }; };
		AFF21DD51BB131F7006A190E /* DesignableTextView.swift in Sources */ = {isa = PBXBuildFile; fileRef = AFF21DB71BB131F7006A190E /* DesignableTextView.swift */; settings = {ASSET_TAGS = (); }; };
		AFF21DD61BB131F7006A190E /* DesignableView.swift in Sources */ = {isa = PBXBuildFile; fileRef = AFF21DB81BB131F7006A190E /* DesignableView.swift */; settings = {ASSET_TAGS = (); }; };
		AFF21DD71BB131F7006A190E /* ImageLoader.swift in Sources */ = {isa = PBXBuildFile; fileRef = AFF21DB91BB131F7006A190E /* ImageLoader.swift */; settings = {ASSET_TAGS = (); }; };
		AFF21DD81BB131F7006A190E /* Info.plist in Resources */ = {isa = PBXBuildFile; fileRef = AFF21DBA1BB131F7006A190E /* Info.plist */; settings = {ASSET_TAGS = (); }; };
		AFF21DD91BB131F7006A190E /* KeyboardLayoutConstraint.swift in Sources */ = {isa = PBXBuildFile; fileRef = AFF21DBB1BB131F7006A190E /* KeyboardLayoutConstraint.swift */; settings = {ASSET_TAGS = (); }; };
		AFF21DDA1BB131F7006A190E /* LoadingView.swift in Sources */ = {isa = PBXBuildFile; fileRef = AFF21DBC1BB131F7006A190E /* LoadingView.swift */; settings = {ASSET_TAGS = (); }; };
		AFF21DDB1BB131F7006A190E /* LoadingView.xib in Resources */ = {isa = PBXBuildFile; fileRef = AFF21DBD1BB131F7006A190E /* LoadingView.xib */; settings = {ASSET_TAGS = (); }; };
		AFF21DDC1BB131F7006A190E /* Misc.swift in Sources */ = {isa = PBXBuildFile; fileRef = AFF21DBE1BB131F7006A190E /* Misc.swift */; settings = {ASSET_TAGS = (); }; };
		AFF21DDD1BB131F7006A190E /* SoundPlayer.swift in Sources */ = {isa = PBXBuildFile; fileRef = AFF21DBF1BB131F7006A190E /* SoundPlayer.swift */; settings = {ASSET_TAGS = (); }; };
		AFF21DDE1BB131F7006A190E /* Spring.swift in Sources */ = {isa = PBXBuildFile; fileRef = AFF21DC11BB131F7006A190E /* Spring.swift */; settings = {ASSET_TAGS = (); }; };
		AFF21DDF1BB131F7006A190E /* SpringAnimation.swift in Sources */ = {isa = PBXBuildFile; fileRef = AFF21DC21BB131F7006A190E /* SpringAnimation.swift */; settings = {ASSET_TAGS = (); }; };
		AFF21DE01BB131F7006A190E /* SpringButton.swift in Sources */ = {isa = PBXBuildFile; fileRef = AFF21DC31BB131F7006A190E /* SpringButton.swift */; settings = {ASSET_TAGS = (); }; };
		AFF21DE11BB131F7006A190E /* SpringImageView.swift in Sources */ = {isa = PBXBuildFile; fileRef = AFF21DC41BB131F7006A190E /* SpringImageView.swift */; settings = {ASSET_TAGS = (); }; };
		AFF21DE21BB131F7006A190E /* SpringLabel.swift in Sources */ = {isa = PBXBuildFile; fileRef = AFF21DC51BB131F7006A190E /* SpringLabel.swift */; settings = {ASSET_TAGS = (); }; };
		AFF21DE31BB131F7006A190E /* SpringTextField.swift in Sources */ = {isa = PBXBuildFile; fileRef = AFF21DC61BB131F7006A190E /* SpringTextField.swift */; settings = {ASSET_TAGS = (); }; };
		AFF21DE41BB131F7006A190E /* SpringTextView.swift in Sources */ = {isa = PBXBuildFile; fileRef = AFF21DC71BB131F7006A190E /* SpringTextView.swift */; settings = {ASSET_TAGS = (); }; };
		AFF21DE51BB131F7006A190E /* SpringView.swift in Sources */ = {isa = PBXBuildFile; fileRef = AFF21DC81BB131F7006A190E /* SpringView.swift */; settings = {ASSET_TAGS = (); }; };
		AFF21DE61BB131F7006A190E /* TransitionManager.swift in Sources */ = {isa = PBXBuildFile; fileRef = AFF21DC91BB131F7006A190E /* TransitionManager.swift */; settings = {ASSET_TAGS = (); }; };
		AFF21DE71BB131F7006A190E /* TransitionZoom.swift in Sources */ = {isa = PBXBuildFile; fileRef = AFF21DCA1BB131F7006A190E /* TransitionZoom.swift */; settings = {ASSET_TAGS = (); }; };
		AFF21DE81BB131F7006A190E /* UnwindSegue.swift in Sources */ = {isa = PBXBuildFile; fileRef = AFF21DCB1BB131F7006A190E /* UnwindSegue.swift */; settings = {ASSET_TAGS = (); }; };
		AFF21DEA1BB145B1006A190E /* AppointmentListViewController.swift in Sources */ = {isa = PBXBuildFile; fileRef = AFF21DE91BB145B1006A190E /* AppointmentListViewController.swift */; settings = {ASSET_TAGS = (); }; };
		AFF21DEC1BB15558006A190E /* ImageListViewController.swift in Sources */ = {isa = PBXBuildFile; fileRef = AFF21DEB1BB15558006A190E /* ImageListViewController.swift */; settings = {ASSET_TAGS = (); }; };
/* End PBXBuildFile section */

/* Begin PBXContainerItemProxy section */
		AFF21D911BB12D8B006A190E /* PBXContainerItemProxy */ = {
			isa = PBXContainerItemProxy;
			containerPortal = AFF21D711BB12D8B006A190E /* Project object */;
			proxyType = 1;
			remoteGlobalIDString = AFF21D781BB12D8B006A190E;
			remoteInfo = "Telehealth Doctor";
		};
		AFF21D9C1BB12D8B006A190E /* PBXContainerItemProxy */ = {
			isa = PBXContainerItemProxy;
			containerPortal = AFF21D711BB12D8B006A190E /* Project object */;
			proxyType = 1;
			remoteGlobalIDString = AFF21D781BB12D8B006A190E;
			remoteInfo = "Telehealth Doctor";
		};
/* End PBXContainerItemProxy section */

/* Begin PBXFileReference section */
		AFF21D791BB12D8B006A190E /* Telehealth Doctor.app */ = {isa = PBXFileReference; explicitFileType = wrapper.application; includeInIndex = 0; path = "Telehealth Doctor.app"; sourceTree = BUILT_PRODUCTS_DIR; };
		AFF21D7C1BB12D8B006A190E /* AppDelegate.swift */ = {isa = PBXFileReference; lastKnownFileType = sourcecode.swift; path = AppDelegate.swift; sourceTree = "<group>"; };
		AFF21D7E1BB12D8B006A190E /* ViewController.swift */ = {isa = PBXFileReference; lastKnownFileType = sourcecode.swift; path = ViewController.swift; sourceTree = "<group>"; };
		AFF21D811BB12D8B006A190E /* Base */ = {isa = PBXFileReference; lastKnownFileType = file.storyboard; name = Base; path = Base.lproj/Main.storyboard; sourceTree = "<group>"; };
		AFF21D841BB12D8B006A190E /* Telehealth_Doctor.xcdatamodel */ = {isa = PBXFileReference; lastKnownFileType = wrapper.xcdatamodel; path = Telehealth_Doctor.xcdatamodel; sourceTree = "<group>"; };
		AFF21D861BB12D8B006A190E /* Assets.xcassets */ = {isa = PBXFileReference; lastKnownFileType = folder.assetcatalog; path = Assets.xcassets; sourceTree = "<group>"; };
		AFF21D891BB12D8B006A190E /* Base */ = {isa = PBXFileReference; lastKnownFileType = file.storyboard; name = Base; path = Base.lproj/LaunchScreen.storyboard; sourceTree = "<group>"; };
		AFF21D8B1BB12D8B006A190E /* Info.plist */ = {isa = PBXFileReference; lastKnownFileType = text.plist.xml; path = Info.plist; sourceTree = "<group>"; };
		AFF21D901BB12D8B006A190E /* Telehealth DoctorTests.xctest */ = {isa = PBXFileReference; explicitFileType = wrapper.cfbundle; includeInIndex = 0; path = "Telehealth DoctorTests.xctest"; sourceTree = BUILT_PRODUCTS_DIR; };
		AFF21D941BB12D8B006A190E /* Telehealth_DoctorTests.swift */ = {isa = PBXFileReference; lastKnownFileType = sourcecode.swift; path = Telehealth_DoctorTests.swift; sourceTree = "<group>"; };
		AFF21D961BB12D8B006A190E /* Info.plist */ = {isa = PBXFileReference; lastKnownFileType = text.plist.xml; path = Info.plist; sourceTree = "<group>"; };
		AFF21D9B1BB12D8B006A190E /* Telehealth DoctorUITests.xctest */ = {isa = PBXFileReference; explicitFileType = wrapper.cfbundle; includeInIndex = 0; path = "Telehealth DoctorUITests.xctest"; sourceTree = BUILT_PRODUCTS_DIR; };
		AFF21D9F1BB12D8B006A190E /* Telehealth_DoctorUITests.swift */ = {isa = PBXFileReference; lastKnownFileType = sourcecode.swift; path = Telehealth_DoctorUITests.swift; sourceTree = "<group>"; };
		AFF21DA11BB12D8B006A190E /* Info.plist */ = {isa = PBXFileReference; lastKnownFileType = text.plist.xml; path = Info.plist; sourceTree = "<group>"; };
		AFF21DAE1BB131F7006A190E /* AsyncButton.swift */ = {isa = PBXFileReference; fileEncoding = 4; lastKnownFileType = sourcecode.swift; path = AsyncButton.swift; sourceTree = "<group>"; };
		AFF21DAF1BB131F7006A190E /* AsyncImageView.swift */ = {isa = PBXFileReference; fileEncoding = 4; lastKnownFileType = sourcecode.swift; path = AsyncImageView.swift; sourceTree = "<group>"; };
		AFF21DB01BB131F7006A190E /* AutoTextView.swift */ = {isa = PBXFileReference; fileEncoding = 4; lastKnownFileType = sourcecode.swift; path = AutoTextView.swift; sourceTree = "<group>"; };
		AFF21DB11BB131F7006A190E /* BlurView.swift */ = {isa = PBXFileReference; fileEncoding = 4; lastKnownFileType = sourcecode.swift; path = BlurView.swift; sourceTree = "<group>"; };
		AFF21DB21BB131F7006A190E /* DesignableButton.swift */ = {isa = PBXFileReference; fileEncoding = 4; lastKnownFileType = sourcecode.swift; path = DesignableButton.swift; sourceTree = "<group>"; };
		AFF21DB31BB131F7006A190E /* DesignableImageView.swift */ = {isa = PBXFileReference; fileEncoding = 4; lastKnownFileType = sourcecode.swift; path = DesignableImageView.swift; sourceTree = "<group>"; };
		AFF21DB41BB131F7006A190E /* DesignableLabel.swift */ = {isa = PBXFileReference; fileEncoding = 4; lastKnownFileType = sourcecode.swift; path = DesignableLabel.swift; sourceTree = "<group>"; };
		AFF21DB51BB131F7006A190E /* DesignableTabBarController.swift */ = {isa = PBXFileReference; fileEncoding = 4; lastKnownFileType = sourcecode.swift; path = DesignableTabBarController.swift; sourceTree = "<group>"; };
		AFF21DB61BB131F7006A190E /* DesignableTextField.swift */ = {isa = PBXFileReference; fileEncoding = 4; lastKnownFileType = sourcecode.swift; path = DesignableTextField.swift; sourceTree = "<group>"; };
		AFF21DB71BB131F7006A190E /* DesignableTextView.swift */ = {isa = PBXFileReference; fileEncoding = 4; lastKnownFileType = sourcecode.swift; path = DesignableTextView.swift; sourceTree = "<group>"; };
		AFF21DB81BB131F7006A190E /* DesignableView.swift */ = {isa = PBXFileReference; fileEncoding = 4; lastKnownFileType = sourcecode.swift; path = DesignableView.swift; sourceTree = "<group>"; };
		AFF21DB91BB131F7006A190E /* ImageLoader.swift */ = {isa = PBXFileReference; fileEncoding = 4; lastKnownFileType = sourcecode.swift; path = ImageLoader.swift; sourceTree = "<group>"; };
		AFF21DBA1BB131F7006A190E /* Info.plist */ = {isa = PBXFileReference; fileEncoding = 4; lastKnownFileType = text.plist.xml; path = Info.plist; sourceTree = "<group>"; };
		AFF21DBB1BB131F7006A190E /* KeyboardLayoutConstraint.swift */ = {isa = PBXFileReference; fileEncoding = 4; lastKnownFileType = sourcecode.swift; path = KeyboardLayoutConstraint.swift; sourceTree = "<group>"; };
		AFF21DBC1BB131F7006A190E /* LoadingView.swift */ = {isa = PBXFileReference; fileEncoding = 4; lastKnownFileType = sourcecode.swift; path = LoadingView.swift; sourceTree = "<group>"; };
		AFF21DBD1BB131F7006A190E /* LoadingView.xib */ = {isa = PBXFileReference; fileEncoding = 4; lastKnownFileType = file.xib; path = LoadingView.xib; sourceTree = "<group>"; };
		AFF21DBE1BB131F7006A190E /* Misc.swift */ = {isa = PBXFileReference; fileEncoding = 4; lastKnownFileType = sourcecode.swift; path = Misc.swift; sourceTree = "<group>"; };
		AFF21DBF1BB131F7006A190E /* SoundPlayer.swift */ = {isa = PBXFileReference; fileEncoding = 4; lastKnownFileType = sourcecode.swift; path = SoundPlayer.swift; sourceTree = "<group>"; };
		AFF21DC01BB131F7006A190E /* Spring.h */ = {isa = PBXFileReference; fileEncoding = 4; lastKnownFileType = sourcecode.c.h; path = Spring.h; sourceTree = "<group>"; };
		AFF21DC11BB131F7006A190E /* Spring.swift */ = {isa = PBXFileReference; fileEncoding = 4; lastKnownFileType = sourcecode.swift; path = Spring.swift; sourceTree = "<group>"; };
		AFF21DC21BB131F7006A190E /* SpringAnimation.swift */ = {isa = PBXFileReference; fileEncoding = 4; lastKnownFileType = sourcecode.swift; path = SpringAnimation.swift; sourceTree = "<group>"; };
		AFF21DC31BB131F7006A190E /* SpringButton.swift */ = {isa = PBXFileReference; fileEncoding = 4; lastKnownFileType = sourcecode.swift; path = SpringButton.swift; sourceTree = "<group>"; };
		AFF21DC41BB131F7006A190E /* SpringImageView.swift */ = {isa = PBXFileReference; fileEncoding = 4; lastKnownFileType = sourcecode.swift; path = SpringImageView.swift; sourceTree = "<group>"; };
		AFF21DC51BB131F7006A190E /* SpringLabel.swift */ = {isa = PBXFileReference; fileEncoding = 4; lastKnownFileType = sourcecode.swift; path = SpringLabel.swift; sourceTree = "<group>"; };
		AFF21DC61BB131F7006A190E /* SpringTextField.swift */ = {isa = PBXFileReference; fileEncoding = 4; lastKnownFileType = sourcecode.swift; path = SpringTextField.swift; sourceTree = "<group>"; };
		AFF21DC71BB131F7006A190E /* SpringTextView.swift */ = {isa = PBXFileReference; fileEncoding = 4; lastKnownFileType = sourcecode.swift; path = SpringTextView.swift; sourceTree = "<group>"; };
		AFF21DC81BB131F7006A190E /* SpringView.swift */ = {isa = PBXFileReference; fileEncoding = 4; lastKnownFileType = sourcecode.swift; path = SpringView.swift; sourceTree = "<group>"; };
		AFF21DC91BB131F7006A190E /* TransitionManager.swift */ = {isa = PBXFileReference; fileEncoding = 4; lastKnownFileType = sourcecode.swift; path = TransitionManager.swift; sourceTree = "<group>"; };
		AFF21DCA1BB131F7006A190E /* TransitionZoom.swift */ = {isa = PBXFileReference; fileEncoding = 4; lastKnownFileType = sourcecode.swift; path = TransitionZoom.swift; sourceTree = "<group>"; };
		AFF21DCB1BB131F7006A190E /* UnwindSegue.swift */ = {isa = PBXFileReference; fileEncoding = 4; lastKnownFileType = sourcecode.swift; path = UnwindSegue.swift; sourceTree = "<group>"; };
		AFF21DE91BB145B1006A190E /* AppointmentListViewController.swift */ = {isa = PBXFileReference; fileEncoding = 4; lastKnownFileType = sourcecode.swift; path = AppointmentListViewController.swift; sourceTree = "<group>"; };
		AFF21DEB1BB15558006A190E /* ImageListViewController.swift */ = {isa = PBXFileReference; fileEncoding = 4; lastKnownFileType = sourcecode.swift; path = ImageListViewController.swift; sourceTree = "<group>"; };
/* End PBXFileReference section */

/* Begin PBXFrameworksBuildPhase section */
		AFF21D761BB12D8B006A190E /* Frameworks */ = {
			isa = PBXFrameworksBuildPhase;
			buildActionMask = 2147483647;
			files = (
			);
			runOnlyForDeploymentPostprocessing = 0;
		};
		AFF21D8D1BB12D8B006A190E /* Frameworks */ = {
			isa = PBXFrameworksBuildPhase;
			buildActionMask = 2147483647;
			files = (
			);
			runOnlyForDeploymentPostprocessing = 0;
		};
		AFF21D981BB12D8B006A190E /* Frameworks */ = {
			isa = PBXFrameworksBuildPhase;
			buildActionMask = 2147483647;
			files = (
			);
			runOnlyForDeploymentPostprocessing = 0;
		};
/* End PBXFrameworksBuildPhase section */

/* Begin PBXGroup section */
		AFF10DF51BB279FE005E9838 /* Controllers */ = {
			isa = PBXGroup;
			children = (
			);
			name = Controllers;
			sourceTree = "<group>";
		};
		AFF10DF61BB27A0B005E9838 /* Library */ = {
			isa = PBXGroup;
			children = (
				AFF21DAD1BB131F7006A190E /* Spring */,
			);
			name = Library;
			path = "Telehealth Doctor";
			sourceTree = "<group>";
		};
		AFF10DF71BB27A17005E9838 /* API */ = {
			isa = PBXGroup;
			children = (
			);
			name = API;
			sourceTree = "<group>";
		};
		AFF10DF81BB27A39005E9838 /* Resource */ = {
			isa = PBXGroup;
			children = (
			);
			name = Resource;
			sourceTree = "<group>";
		};
		AFF10E001BB286CB005E9838 /* Views */ = {
			isa = PBXGroup;
			children = (
				AFF21DE91BB145B1006A190E /* AppointmentListViewController.swift */,
				AFF21DEB1BB15558006A190E /* ImageListViewController.swift */,
				AFF21D7E1BB12D8B006A190E /* ViewController.swift */,
			);
			name = Views;
			sourceTree = "<group>";
		};
		AFF10E011BB286E1005E9838 /* Modal */ = {
			isa = PBXGroup;
			children = (
			);
			name = Modal;
			sourceTree = "<group>";
		};
		AFF10E021BB286FD005E9838 /* Config */ = {
			isa = PBXGroup;
			children = (
			);
			name = Config;
			sourceTree = "<group>";
		};
		AFF21D701BB12D8B006A190E = {
			isa = PBXGroup;
			children = (
				AFF10DF81BB27A39005E9838 /* Resource */,
				AFF10DF61BB27A0B005E9838 /* Library */,
				AFF21D7B1BB12D8B006A190E /* Telehealth Doctor */,
				AFF21D931BB12D8B006A190E /* Telehealth DoctorTests */,
				AFF21D9E1BB12D8B006A190E /* Telehealth DoctorUITests */,
				AFF21D7A1BB12D8B006A190E /* Products */,
			);
			sourceTree = "<group>";
		};
		AFF21D7A1BB12D8B006A190E /* Products */ = {
			isa = PBXGroup;
			children = (
				AFF21D791BB12D8B006A190E /* Telehealth Doctor.app */,
				AFF21D901BB12D8B006A190E /* Telehealth DoctorTests.xctest */,
				AFF21D9B1BB12D8B006A190E /* Telehealth DoctorUITests.xctest */,
			);
			name = Products;
			sourceTree = "<group>";
		};
		AFF21D7B1BB12D8B006A190E /* Telehealth Doctor */ = {
			isa = PBXGroup;
			children = (
				AFF10E021BB286FD005E9838 /* Config */,
				AFF10E001BB286CB005E9838 /* Views */,
				AFF10DF51BB279FE005E9838 /* Controllers */,
				AFF10E011BB286E1005E9838 /* Modal */,
				AFF10DF71BB27A17005E9838 /* API */,
				AFF21D7C1BB12D8B006A190E /* AppDelegate.swift */,
				AFF21D801BB12D8B006A190E /* Main.storyboard */,
				AFF21D861BB12D8B006A190E /* Assets.xcassets */,
				AFF21D881BB12D8B006A190E /* LaunchScreen.storyboard */,
				AFF21D8B1BB12D8B006A190E /* Info.plist */,
				AFF21D831BB12D8B006A190E /* Telehealth_Doctor.xcdatamodeld */,
			);
			path = "Telehealth Doctor";
			sourceTree = "<group>";
		};
		AFF21D931BB12D8B006A190E /* Telehealth DoctorTests */ = {
			isa = PBXGroup;
			children = (
				AFF21D941BB12D8B006A190E /* Telehealth_DoctorTests.swift */,
				AFF21D961BB12D8B006A190E /* Info.plist */,
			);
			path = "Telehealth DoctorTests";
			sourceTree = "<group>";
		};
		AFF21D9E1BB12D8B006A190E /* Telehealth DoctorUITests */ = {
			isa = PBXGroup;
			children = (
				AFF21D9F1BB12D8B006A190E /* Telehealth_DoctorUITests.swift */,
				AFF21DA11BB12D8B006A190E /* Info.plist */,
			);
			path = "Telehealth DoctorUITests";
			sourceTree = "<group>";
		};
		AFF21DAD1BB131F7006A190E /* Spring */ = {
			isa = PBXGroup;
			children = (
				AFF21DAE1BB131F7006A190E /* AsyncButton.swift */,
				AFF21DAF1BB131F7006A190E /* AsyncImageView.swift */,
				AFF21DB01BB131F7006A190E /* AutoTextView.swift */,
				AFF21DB11BB131F7006A190E /* BlurView.swift */,
				AFF21DB21BB131F7006A190E /* DesignableButton.swift */,
				AFF21DB31BB131F7006A190E /* DesignableImageView.swift */,
				AFF21DB41BB131F7006A190E /* DesignableLabel.swift */,
				AFF21DB51BB131F7006A190E /* DesignableTabBarController.swift */,
				AFF21DB61BB131F7006A190E /* DesignableTextField.swift */,
				AFF21DB71BB131F7006A190E /* DesignableTextView.swift */,
				AFF21DB81BB131F7006A190E /* DesignableView.swift */,
				AFF21DB91BB131F7006A190E /* ImageLoader.swift */,
				AFF21DBA1BB131F7006A190E /* Info.plist */,
				AFF21DBB1BB131F7006A190E /* KeyboardLayoutConstraint.swift */,
				AFF21DBC1BB131F7006A190E /* LoadingView.swift */,
				AFF21DBD1BB131F7006A190E /* LoadingView.xib */,
				AFF21DBE1BB131F7006A190E /* Misc.swift */,
				AFF21DBF1BB131F7006A190E /* SoundPlayer.swift */,
				AFF21DC01BB131F7006A190E /* Spring.h */,
				AFF21DC11BB131F7006A190E /* Spring.swift */,
				AFF21DC21BB131F7006A190E /* SpringAnimation.swift */,
				AFF21DC31BB131F7006A190E /* SpringButton.swift */,
				AFF21DC41BB131F7006A190E /* SpringImageView.swift */,
				AFF21DC51BB131F7006A190E /* SpringLabel.swift */,
				AFF21DC61BB131F7006A190E /* SpringTextField.swift */,
				AFF21DC71BB131F7006A190E /* SpringTextView.swift */,
				AFF21DC81BB131F7006A190E /* SpringView.swift */,
				AFF21DC91BB131F7006A190E /* TransitionManager.swift */,
				AFF21DCA1BB131F7006A190E /* TransitionZoom.swift */,
				AFF21DCB1BB131F7006A190E /* UnwindSegue.swift */,
			);
			path = Spring;
			sourceTree = "<group>";
		};
/* End PBXGroup section */

/* Begin PBXNativeTarget section */
		AFF21D781BB12D8B006A190E /* Telehealth Doctor */ = {
			isa = PBXNativeTarget;
			buildConfigurationList = AFF21DA41BB12D8B006A190E /* Build configuration list for PBXNativeTarget "Telehealth Doctor" */;
			buildPhases = (
				AFF21D751BB12D8B006A190E /* Sources */,
				AFF21D761BB12D8B006A190E /* Frameworks */,
				AFF21D771BB12D8B006A190E /* Resources */,
			);
			buildRules = (
			);
			dependencies = (
			);
			name = "Telehealth Doctor";
			productName = "Telehealth Doctor";
			productReference = AFF21D791BB12D8B006A190E /* Telehealth Doctor.app */;
			productType = "com.apple.product-type.application";
		};
		AFF21D8F1BB12D8B006A190E /* Telehealth DoctorTests */ = {
			isa = PBXNativeTarget;
			buildConfigurationList = AFF21DA71BB12D8B006A190E /* Build configuration list for PBXNativeTarget "Telehealth DoctorTests" */;
			buildPhases = (
				AFF21D8C1BB12D8B006A190E /* Sources */,
				AFF21D8D1BB12D8B006A190E /* Frameworks */,
				AFF21D8E1BB12D8B006A190E /* Resources */,
			);
			buildRules = (
			);
			dependencies = (
				AFF21D921BB12D8B006A190E /* PBXTargetDependency */,
			);
			name = "Telehealth DoctorTests";
			productName = "Telehealth DoctorTests";
			productReference = AFF21D901BB12D8B006A190E /* Telehealth DoctorTests.xctest */;
			productType = "com.apple.product-type.bundle.unit-test";
		};
		AFF21D9A1BB12D8B006A190E /* Telehealth DoctorUITests */ = {
			isa = PBXNativeTarget;
			buildConfigurationList = AFF21DAA1BB12D8B006A190E /* Build configuration list for PBXNativeTarget "Telehealth DoctorUITests" */;
			buildPhases = (
				AFF21D971BB12D8B006A190E /* Sources */,
				AFF21D981BB12D8B006A190E /* Frameworks */,
				AFF21D991BB12D8B006A190E /* Resources */,
			);
			buildRules = (
			);
			dependencies = (
				AFF21D9D1BB12D8B006A190E /* PBXTargetDependency */,
			);
			name = "Telehealth DoctorUITests";
			productName = "Telehealth DoctorUITests";
			productReference = AFF21D9B1BB12D8B006A190E /* Telehealth DoctorUITests.xctest */;
			productType = "com.apple.product-type.bundle.ui-testing";
		};
/* End PBXNativeTarget section */

/* Begin PBXProject section */
		AFF21D711BB12D8B006A190E /* Project object */ = {
			isa = PBXProject;
			attributes = {
				LastUpgradeCheck = 0700;
				ORGANIZATIONNAME = "Giap Vo Duc";
				TargetAttributes = {
					AFF21D781BB12D8B006A190E = {
						CreatedOnToolsVersion = 7.0;
					};
					AFF21D8F1BB12D8B006A190E = {
						CreatedOnToolsVersion = 7.0;
						TestTargetID = AFF21D781BB12D8B006A190E;
					};
					AFF21D9A1BB12D8B006A190E = {
						CreatedOnToolsVersion = 7.0;
						TestTargetID = AFF21D781BB12D8B006A190E;
					};
				};
			};
			buildConfigurationList = AFF21D741BB12D8B006A190E /* Build configuration list for PBXProject "Telehealth Doctor" */;
			compatibilityVersion = "Xcode 3.2";
			developmentRegion = English;
			hasScannedForEncodings = 0;
			knownRegions = (
				en,
				Base,
			);
			mainGroup = AFF21D701BB12D8B006A190E;
			productRefGroup = AFF21D7A1BB12D8B006A190E /* Products */;
			projectDirPath = "";
			projectRoot = "";
			targets = (
				AFF21D781BB12D8B006A190E /* Telehealth Doctor */,
				AFF21D8F1BB12D8B006A190E /* Telehealth DoctorTests */,
				AFF21D9A1BB12D8B006A190E /* Telehealth DoctorUITests */,
			);
		};
/* End PBXProject section */

/* Begin PBXResourcesBuildPhase section */
		AFF21D771BB12D8B006A190E /* Resources */ = {
			isa = PBXResourcesBuildPhase;
			buildActionMask = 2147483647;
			files = (
				AFF21DD81BB131F7006A190E /* Info.plist in Resources */,
				AFF21D8A1BB12D8B006A190E /* LaunchScreen.storyboard in Resources */,
				AFF21D871BB12D8B006A190E /* Assets.xcassets in Resources */,
				AFF21D821BB12D8B006A190E /* Main.storyboard in Resources */,
				AFF21DDB1BB131F7006A190E /* LoadingView.xib in Resources */,
			);
			runOnlyForDeploymentPostprocessing = 0;
		};
		AFF21D8E1BB12D8B006A190E /* Resources */ = {
			isa = PBXResourcesBuildPhase;
			buildActionMask = 2147483647;
			files = (
			);
			runOnlyForDeploymentPostprocessing = 0;
		};
		AFF21D991BB12D8B006A190E /* Resources */ = {
			isa = PBXResourcesBuildPhase;
			buildActionMask = 2147483647;
			files = (
			);
			runOnlyForDeploymentPostprocessing = 0;
		};
/* End PBXResourcesBuildPhase section */

/* Begin PBXSourcesBuildPhase section */
		AFF21D751BB12D8B006A190E /* Sources */ = {
			isa = PBXSourcesBuildPhase;
			buildActionMask = 2147483647;
			files = (
				AFF21DD21BB131F7006A190E /* DesignableLabel.swift in Sources */,
				AFF21DE11BB131F7006A190E /* SpringImageView.swift in Sources */,
				AFF21DCE1BB131F7006A190E /* AutoTextView.swift in Sources */,
				AFF21DD71BB131F7006A190E /* ImageLoader.swift in Sources */,
				AFF21DDC1BB131F7006A190E /* Misc.swift in Sources */,
				AFF21DCF1BB131F7006A190E /* BlurView.swift in Sources */,
				AFF21DE81BB131F7006A190E /* UnwindSegue.swift in Sources */,
				AFF21DDA1BB131F7006A190E /* LoadingView.swift in Sources */,
				AFF21DEA1BB145B1006A190E /* AppointmentListViewController.swift in Sources */,
				AFF21DE31BB131F7006A190E /* SpringTextField.swift in Sources */,
				AFF21DDE1BB131F7006A190E /* Spring.swift in Sources */,
				AFF21D7F1BB12D8B006A190E /* ViewController.swift in Sources */,
				AFF21DDD1BB131F7006A190E /* SoundPlayer.swift in Sources */,
				AFF21DD61BB131F7006A190E /* DesignableView.swift in Sources */,
				AFF21DD31BB131F7006A190E /* DesignableTabBarController.swift in Sources */,
				AFF21DD01BB131F7006A190E /* DesignableButton.swift in Sources */,
				AFF21D851BB12D8B006A190E /* Telehealth_Doctor.xcdatamodeld in Sources */,
				AFF21DE71BB131F7006A190E /* TransitionZoom.swift in Sources */,
				AFF21DD41BB131F7006A190E /* DesignableTextField.swift in Sources */,
				AFF21DE61BB131F7006A190E /* TransitionManager.swift in Sources */,
				AFF21DE21BB131F7006A190E /* SpringLabel.swift in Sources */,
				AFF21DCC1BB131F7006A190E /* AsyncButton.swift in Sources */,
				AFF21DEC1BB15558006A190E /* ImageListViewController.swift in Sources */,
				AFF21DCD1BB131F7006A190E /* AsyncImageView.swift in Sources */,
				AFF21DD51BB131F7006A190E /* DesignableTextView.swift in Sources */,
				AFF21DE51BB131F7006A190E /* SpringView.swift in Sources */,
				AFF21DE41BB131F7006A190E /* SpringTextView.swift in Sources */,
				AFF21DD91BB131F7006A190E /* KeyboardLayoutConstraint.swift in Sources */,
				AFF21DE01BB131F7006A190E /* SpringButton.swift in Sources */,
				AFF21DDF1BB131F7006A190E /* SpringAnimation.swift in Sources */,
				AFF21DD11BB131F7006A190E /* DesignableImageView.swift in Sources */,
				AFF21D7D1BB12D8B006A190E /* AppDelegate.swift in Sources */,
			);
			runOnlyForDeploymentPostprocessing = 0;
		};
		AFF21D8C1BB12D8B006A190E /* Sources */ = {
			isa = PBXSourcesBuildPhase;
			buildActionMask = 2147483647;
			files = (
				AFF21D951BB12D8B006A190E /* Telehealth_DoctorTests.swift in Sources */,
			);
			runOnlyForDeploymentPostprocessing = 0;
		};
		AFF21D971BB12D8B006A190E /* Sources */ = {
			isa = PBXSourcesBuildPhase;
			buildActionMask = 2147483647;
			files = (
				AFF21DA01BB12D8B006A190E /* Telehealth_DoctorUITests.swift in Sources */,
			);
			runOnlyForDeploymentPostprocessing = 0;
		};
/* End PBXSourcesBuildPhase section */

/* Begin PBXTargetDependency section */
		AFF21D921BB12D8B006A190E /* PBXTargetDependency */ = {
			isa = PBXTargetDependency;
			target = AFF21D781BB12D8B006A190E /* Telehealth Doctor */;
			targetProxy = AFF21D911BB12D8B006A190E /* PBXContainerItemProxy */;
		};
		AFF21D9D1BB12D8B006A190E /* PBXTargetDependency */ = {
			isa = PBXTargetDependency;
			target = AFF21D781BB12D8B006A190E /* Telehealth Doctor */;
			targetProxy = AFF21D9C1BB12D8B006A190E /* PBXContainerItemProxy */;
		};
/* End PBXTargetDependency section */

/* Begin PBXVariantGroup section */
		AFF21D801BB12D8B006A190E /* Main.storyboard */ = {
			isa = PBXVariantGroup;
			children = (
				AFF21D811BB12D8B006A190E /* Base */,
			);
			name = Main.storyboard;
			sourceTree = "<group>";
		};
		AFF21D881BB12D8B006A190E /* LaunchScreen.storyboard */ = {
			isa = PBXVariantGroup;
			children = (
				AFF21D891BB12D8B006A190E /* Base */,
			);
			name = LaunchScreen.storyboard;
			sourceTree = "<group>";
		};
/* End PBXVariantGroup section */

/* Begin XCBuildConfiguration section */
		AFF21DA21BB12D8B006A190E /* Debug */ = {
			isa = XCBuildConfiguration;
			buildSettings = {
				ALWAYS_SEARCH_USER_PATHS = NO;
				CLANG_CXX_LANGUAGE_STANDARD = "gnu++0x";
				CLANG_CXX_LIBRARY = "libc++";
				CLANG_ENABLE_MODULES = YES;
				CLANG_ENABLE_OBJC_ARC = YES;
				CLANG_WARN_BOOL_CONVERSION = YES;
				CLANG_WARN_CONSTANT_CONVERSION = YES;
				CLANG_WARN_DIRECT_OBJC_ISA_USAGE = YES_ERROR;
				CLANG_WARN_EMPTY_BODY = YES;
				CLANG_WARN_ENUM_CONVERSION = YES;
				CLANG_WARN_INT_CONVERSION = YES;
				CLANG_WARN_OBJC_ROOT_CLASS = YES_ERROR;
				CLANG_WARN_UNREACHABLE_CODE = YES;
				CLANG_WARN__DUPLICATE_METHOD_MATCH = YES;
				"CODE_SIGN_IDENTITY[sdk=iphoneos*]" = "iPhone Developer";
				COPY_PHASE_STRIP = NO;
				DEBUG_INFORMATION_FORMAT = dwarf;
				ENABLE_STRICT_OBJC_MSGSEND = YES;
				ENABLE_TESTABILITY = YES;
				GCC_C_LANGUAGE_STANDARD = gnu99;
				GCC_DYNAMIC_NO_PIC = NO;
				GCC_NO_COMMON_BLOCKS = YES;
				GCC_OPTIMIZATION_LEVEL = 0;
				GCC_PREPROCESSOR_DEFINITIONS = (
					"DEBUG=1",
					"$(inherited)",
				);
				GCC_WARN_64_TO_32_BIT_CONVERSION = YES;
				GCC_WARN_ABOUT_RETURN_TYPE = YES_ERROR;
				GCC_WARN_UNDECLARED_SELECTOR = YES;
				GCC_WARN_UNINITIALIZED_AUTOS = YES_AGGRESSIVE;
				GCC_WARN_UNUSED_FUNCTION = YES;
				GCC_WARN_UNUSED_VARIABLE = YES;
				IPHONEOS_DEPLOYMENT_TARGET = 9.0;
				MTL_ENABLE_DEBUG_INFO = YES;
				ONLY_ACTIVE_ARCH = YES;
				SDKROOT = iphoneos;
				SWIFT_OPTIMIZATION_LEVEL = "-Onone";
				TARGETED_DEVICE_FAMILY = 2;
			};
			name = Debug;
		};
		AFF21DA31BB12D8B006A190E /* Release */ = {
			isa = XCBuildConfiguration;
			buildSettings = {
				ALWAYS_SEARCH_USER_PATHS = NO;
				CLANG_CXX_LANGUAGE_STANDARD = "gnu++0x";
				CLANG_CXX_LIBRARY = "libc++";
				CLANG_ENABLE_MODULES = YES;
				CLANG_ENABLE_OBJC_ARC = YES;
				CLANG_WARN_BOOL_CONVERSION = YES;
				CLANG_WARN_CONSTANT_CONVERSION = YES;
				CLANG_WARN_DIRECT_OBJC_ISA_USAGE = YES_ERROR;
				CLANG_WARN_EMPTY_BODY = YES;
				CLANG_WARN_ENUM_CONVERSION = YES;
				CLANG_WARN_INT_CONVERSION = YES;
				CLANG_WARN_OBJC_ROOT_CLASS = YES_ERROR;
				CLANG_WARN_UNREACHABLE_CODE = YES;
				CLANG_WARN__DUPLICATE_METHOD_MATCH = YES;
				"CODE_SIGN_IDENTITY[sdk=iphoneos*]" = "iPhone Developer";
				COPY_PHASE_STRIP = NO;
				DEBUG_INFORMATION_FORMAT = "dwarf-with-dsym";
				ENABLE_NS_ASSERTIONS = NO;
				ENABLE_STRICT_OBJC_MSGSEND = YES;
				GCC_C_LANGUAGE_STANDARD = gnu99;
				GCC_NO_COMMON_BLOCKS = YES;
				GCC_WARN_64_TO_32_BIT_CONVERSION = YES;
				GCC_WARN_ABOUT_RETURN_TYPE = YES_ERROR;
				GCC_WARN_UNDECLARED_SELECTOR = YES;
				GCC_WARN_UNINITIALIZED_AUTOS = YES_AGGRESSIVE;
				GCC_WARN_UNUSED_FUNCTION = YES;
				GCC_WARN_UNUSED_VARIABLE = YES;
				IPHONEOS_DEPLOYMENT_TARGET = 9.0;
				MTL_ENABLE_DEBUG_INFO = NO;
				SDKROOT = iphoneos;
				TARGETED_DEVICE_FAMILY = 2;
				VALIDATE_PRODUCT = YES;
			};
			name = Release;
		};
		AFF21DA51BB12D8B006A190E /* Debug */ = {
			isa = XCBuildConfiguration;
			buildSettings = {
				ASSETCATALOG_COMPILER_APPICON_NAME = AppIcon;
				INFOPLIST_FILE = "Telehealth Doctor/Info.plist";
				LD_RUNPATH_SEARCH_PATHS = "$(inherited) @executable_path/Frameworks";
				PRODUCT_BUNDLE_IDENTIFIER = "com.kreatived.Telehealth-Doctor";
				PRODUCT_NAME = "$(TARGET_NAME)";
			};
			name = Debug;
		};
		AFF21DA61BB12D8B006A190E /* Release */ = {
			isa = XCBuildConfiguration;
			buildSettings = {
				ASSETCATALOG_COMPILER_APPICON_NAME = AppIcon;
				INFOPLIST_FILE = "Telehealth Doctor/Info.plist";
				LD_RUNPATH_SEARCH_PATHS = "$(inherited) @executable_path/Frameworks";
				PRODUCT_BUNDLE_IDENTIFIER = "com.kreatived.Telehealth-Doctor";
				PRODUCT_NAME = "$(TARGET_NAME)";
			};
			name = Release;
		};
		AFF21DA81BB12D8B006A190E /* Debug */ = {
			isa = XCBuildConfiguration;
			buildSettings = {
				BUNDLE_LOADER = "$(TEST_HOST)";
				INFOPLIST_FILE = "Telehealth DoctorTests/Info.plist";
				LD_RUNPATH_SEARCH_PATHS = "$(inherited) @executable_path/Frameworks @loader_path/Frameworks";
				PRODUCT_BUNDLE_IDENTIFIER = "com.kreatived.Telehealth-DoctorTests";
				PRODUCT_NAME = "$(TARGET_NAME)";
				TEST_HOST = "$(BUILT_PRODUCTS_DIR)/Telehealth Doctor.app/Telehealth Doctor";
			};
			name = Debug;
		};
		AFF21DA91BB12D8B006A190E /* Release */ = {
			isa = XCBuildConfiguration;
			buildSettings = {
				BUNDLE_LOADER = "$(TEST_HOST)";
				INFOPLIST_FILE = "Telehealth DoctorTests/Info.plist";
				LD_RUNPATH_SEARCH_PATHS = "$(inherited) @executable_path/Frameworks @loader_path/Frameworks";
				PRODUCT_BUNDLE_IDENTIFIER = "com.kreatived.Telehealth-DoctorTests";
				PRODUCT_NAME = "$(TARGET_NAME)";
				TEST_HOST = "$(BUILT_PRODUCTS_DIR)/Telehealth Doctor.app/Telehealth Doctor";
			};
			name = Release;
		};
		AFF21DAB1BB12D8B006A190E /* Debug */ = {
			isa = XCBuildConfiguration;
			buildSettings = {
				INFOPLIST_FILE = "Telehealth DoctorUITests/Info.plist";
				LD_RUNPATH_SEARCH_PATHS = "$(inherited) @executable_path/Frameworks @loader_path/Frameworks";
				PRODUCT_BUNDLE_IDENTIFIER = "com.kreatived.Telehealth-DoctorUITests";
				PRODUCT_NAME = "$(TARGET_NAME)";
				TEST_TARGET_NAME = "Telehealth Doctor";
				USES_XCTRUNNER = YES;
			};
			name = Debug;
		};
		AFF21DAC1BB12D8B006A190E /* Release */ = {
			isa = XCBuildConfiguration;
			buildSettings = {
				INFOPLIST_FILE = "Telehealth DoctorUITests/Info.plist";
				LD_RUNPATH_SEARCH_PATHS = "$(inherited) @executable_path/Frameworks @loader_path/Frameworks";
				PRODUCT_BUNDLE_IDENTIFIER = "com.kreatived.Telehealth-DoctorUITests";
				PRODUCT_NAME = "$(TARGET_NAME)";
				TEST_TARGET_NAME = "Telehealth Doctor";
				USES_XCTRUNNER = YES;
			};
			name = Release;
		};
/* End XCBuildConfiguration section */

/* Begin XCConfigurationList section */
		AFF21D741BB12D8B006A190E /* Build configuration list for PBXProject "Telehealth Doctor" */ = {
			isa = XCConfigurationList;
			buildConfigurations = (
				AFF21DA21BB12D8B006A190E /* Debug */,
				AFF21DA31BB12D8B006A190E /* Release */,
			);
			defaultConfigurationIsVisible = 0;
			defaultConfigurationName = Release;
		};
		AFF21DA41BB12D8B006A190E /* Build configuration list for PBXNativeTarget "Telehealth Doctor" */ = {
			isa = XCConfigurationList;
			buildConfigurations = (
				AFF21DA51BB12D8B006A190E /* Debug */,
				AFF21DA61BB12D8B006A190E /* Release */,
			);
			defaultConfigurationIsVisible = 0;
			defaultConfigurationName = Release;
		};
		AFF21DA71BB12D8B006A190E /* Build configuration list for PBXNativeTarget "Telehealth DoctorTests" */ = {
			isa = XCConfigurationList;
			buildConfigurations = (
				AFF21DA81BB12D8B006A190E /* Debug */,
				AFF21DA91BB12D8B006A190E /* Release */,
			);
			defaultConfigurationIsVisible = 0;
			defaultConfigurationName = Release;
		};
		AFF21DAA1BB12D8B006A190E /* Build configuration list for PBXNativeTarget "Telehealth DoctorUITests" */ = {
			isa = XCConfigurationList;
			buildConfigurations = (
				AFF21DAB1BB12D8B006A190E /* Debug */,
				AFF21DAC1BB12D8B006A190E /* Release */,
			);
			defaultConfigurationIsVisible = 0;
			defaultConfigurationName = Release;
		};
/* End XCConfigurationList section */

/* Begin XCVersionGroup section */
		AFF21D831BB12D8B006A190E /* Telehealth_Doctor.xcdatamodeld */ = {
			isa = XCVersionGroup;
			children = (
				AFF21D841BB12D8B006A190E /* Telehealth_Doctor.xcdatamodel */,
			);
			currentVersion = AFF21D841BB12D8B006A190E /* Telehealth_Doctor.xcdatamodel */;
			path = Telehealth_Doctor.xcdatamodeld;
			sourceTree = "<group>";
			versionGroupType = wrapper.xcdatamodel;
		};
/* End XCVersionGroup section */
	};
	rootObject = AFF21D711BB12D8B006A190E /* Project object */;
}
